{
  "lockfileVersion": 1,
  "configVersion": 1,
  "workspaces": {
    "": {
      "name": "@sable/js-sdk",
      "devDependencies": {
        "@types/bun": "latest",
        "typescript": "^5",
      },
    },
    "packages/extension": {
      "name": "@sable-ai/extension",
      "version": "0.0.1",
      "dependencies": {
        "@sable-ai/sdk": "workspace:*",
      },
      "devDependencies": {
        "@types/chrome": "^0.0.270",
      },
    },
    "packages/sdk": {
      "name": "@sable-ai/sdk",
      "version": "0.0.2",
      "dependencies": {
        "livekit-client": "^2.17.0",
      },
    },
  },
  "packages": {
    "@bufbuild/protobuf": ["@bufbuild/protobuf@1.10.1", "", {}, "sha512-wJ8ReQbHxsAfXhrf9ixl0aYbZorRuOWpBNzm8pL8ftmSxQx/wnJD5Eg861NwJU/czy2VXFIebCeZnZrI9rktIQ=="],

    "@livekit/mutex": ["@livekit/mutex@1.1.1", "", {}, "sha512-EsshAucklmpuUAfkABPxJNhzj9v2sG7JuzFDL4ML1oJQSV14sqrpTYnsaOudMAw9yOaW53NU3QQTlUQoRs4czw=="],

    "@livekit/protocol": ["@livekit/protocol@1.44.0", "", { "dependencies": { "@bufbuild/protobuf": "^1.10.0" } }, "sha512-/vfhDUGcUKO8Q43r6i+5FrDhl5oZjm/X3U4x2Iciqvgn5C8qbj+57YPcWSJ1kyIZm5Cm6AV2nAPjMm3ETD/iyg=="],

    "@sable-ai/extension": ["@sable-ai/extension@workspace:packages/extension"],

    "@sable-ai/sdk": ["@sable-ai/sdk@workspace:packages/sdk"],

    "@types/bun": ["@types/bun@1.3.11", "", { "dependencies": { "bun-types": "1.3.11" } }, "sha512-5vPne5QvtpjGpsGYXiFyycfpDF2ECyPcTSsFBMa0fraoxiQyMJ3SmuQIGhzPg2WJuWxVBoxWJ2kClYTcw/4fAg=="],

    "@types/chrome": ["@types/chrome@0.0.270", "", { "dependencies": { "@types/filesystem": "*", "@types/har-format": "*" } }, "sha512-ADvkowV7YnJfycZZxL2brluZ6STGW+9oKG37B422UePf2PCXuFA/XdERI0T18wtuWPx0tmFeZqq6MOXVk1IC+Q=="],

    "@types/dom-mediacapture-record": ["@types/dom-mediacapture-record@1.0.22", "", {}, "sha512-mUMZLK3NvwRLcAAT9qmcK+9p7tpU2FHdDsntR3YI4+GY88XrgG4XiE7u1Q2LAN2/FZOz/tdMDC3GQCR4T8nFuw=="],

    "@types/filesystem": ["@types/filesystem@0.0.36", "", { "dependencies": { "@types/filewriter": "*" } }, "sha512-vPDXOZuannb9FZdxgHnqSwAG/jvdGM8Wq+6N4D/d80z+D4HWH+bItqsZaVRQykAn6WEVeEkLm2oQigyHtgb0RA=="],

    "@types/filewriter": ["@types/filewriter@0.0.33", "", {}, "sha512-xFU8ZXTw4gd358lb2jw25nxY9QAgqn2+bKKjKOYfNCzN4DKCFetK7sPtrlpg66Ywe3vWY9FNxprZawAh9wfJ3g=="],

    "@types/har-format": ["@types/har-format@1.2.16", "", {}, "sha512-fluxdy7ryD3MV6h8pTfTYpy/xQzCFC7m89nOH9y94cNqJ1mDIDPut7MnRHI3F6qRmh/cT2fUjG1MLdCNb4hE9A=="],

    "@types/node": ["@types/node@25.5.0", "", { "dependencies": { "undici-types": "~7.18.0" } }, "sha512-jp2P3tQMSxWugkCUKLRPVUpGaL5MVFwF8RDuSRztfwgN1wmqJeMSbKlnEtQqU8UrhTmzEmZdu2I6v2dpp7XIxw=="],

    "bun-types": ["bun-types@1.3.11", "", { "dependencies": { "@types/node": "*" } }, "sha512-1KGPpoxQWl9f6wcZh57LvrPIInQMn2TQ7jsgxqpRzg+l0QPOFvJVH7HmvHo/AiPgwXy+/Thf6Ov3EdVn1vOabg=="],

    "events": ["events@3.3.0", "", {}, "sha512-mQw+2fkQbALzQ7V0MY0IqdnXNOeTtP4r0lN9z7AAawCXgqea7bDii20AYrIBrFd/Hx0M2Ocz6S111CaFkUcb0Q=="],

    "jose": ["jose@6.2.2", "", {}, "sha512-d7kPDd34KO/YnzaDOlikGpOurfF0ByC2sEV4cANCtdqLlTfBlw2p14O/5d/zv40gJPbIQxfES3nSx1/oYNyuZQ=="],

    "livekit-client": ["livekit-client@2.18.1", "", { "dependencies": { "@livekit/mutex": "1.1.1", "@livekit/protocol": "1.44.0", "events": "^3.3.0", "jose": "^6.1.0", "loglevel": "^1.9.2", "sdp-transform": "^2.15.0", "tslib": "2.8.1", "typed-emitter": "^2.1.0", "webrtc-adapter": "^9.0.1" }, "peerDependencies": { "@types/dom-mediacapture-record": "^1" } }, "sha512-nGjuEEV1mVN01EcAMwGIwG3J1gpBMqwn2V4R6W/8zz9Rah1CaAohIm6AMLG7BdctQpyeh34dfAOLfDodIsWyYA=="],

    "loglevel": ["loglevel@1.9.2", "", {}, "sha512-HgMmCqIJSAKqo68l0rS2AanEWfkxaZ5wNiEFb5ggm08lDs9Xl2KxBlX3PTcaD2chBM1gXAYf491/M2Rv8Jwayg=="],

    "rxjs": ["rxjs@7.8.2", "", { "dependencies": { "tslib": "^2.1.0" } }, "sha512-dhKf903U/PQZY6boNNtAGdWbG85WAbjT/1xYoZIC7FAY0yWapOBQVsVrDl58W86//e1VpMNBtRV4MaXfdMySFA=="],

    "sdp": ["sdp@3.2.2", "", {}, "sha512-xZocWwfyp4hkbN4hLWxMjmv2Q8aNa9MhmOZ7L9aCZPT+dZsgRr6wZRrSYE3HTdyk/2pZKPSgqI7ns7Een1xMSA=="],

    "sdp-transform": ["sdp-transform@2.15.0", "", { "bin": { "sdp-verify": "checker.js" } }, "sha512-KrOH82c/W+GYQ0LHqtr3caRpM3ITglq3ljGUIb8LTki7ByacJZ9z+piSGiwZDsRyhQbYBOBJgr2k6X4BZXi3Kw=="],

    "tslib": ["tslib@2.8.1", "", {}, "sha512-oJFu94HQb+KVduSUQL7wnpmqnfmLsOA/nAh6b6EH0wCEoK0/mPeXU6c3wKDV83MkOuHPRHtSXKKU99IBazS/2w=="],

    "typed-emitter": ["typed-emitter@2.1.0", "", { "optionalDependencies": { "rxjs": "*" } }, "sha512-g/KzbYKbH5C2vPkaXGu8DJlHrGKHLsM25Zg9WuC9pMGfuvT+X25tZQWo5fK1BjBm8+UrVE9LDCvaY0CQk+fXDA=="],

    "typescript": ["typescript@5.9.3", "", { "bin": { "tsc": "bin/tsc", "tsserver": "bin/tsserver" } }, "sha512-jl1vZzPDinLr9eUt3J/t7V6FgNEw9QjvBPdysz9KfQDD41fQrC2Y4vKQdiaUpFT4bXlb1RHhLpp8wtm6M5TgSw=="],

    "undici-types": ["undici-types@7.18.2", "", {}, "sha512-AsuCzffGHJybSaRrmr5eHr81mwJU3kjw6M+uprWvCXiNeN9SOGwQ3Jn8jb8m3Z6izVgknn1R0FTCEAP2QrLY/w=="],

    "webrtc-adapter": ["webrtc-adapter@9.0.4", "", { "dependencies": { "sdp": "^3.2.0" } }, "sha512-5ZZY1+lGq8LEKuDlg9M2RPJHlH3R7OVwyHqMcUsLKCgd9Wvf+QrFTCItkXXYPmrJn8H6gRLXbSgxLLdexiqHxw=="],
  }
}
